// !$*UTF8*$!
{
	archiveVersion = 1;
	classes = {
	};
	objectVersion = 46;
	objects = {

/* Begin PBXBuildFile section */
		6B72BCF61E7F983700C039AD /* AppDelegate.swift in Sources */ = {isa = PBXBuildFile; fileRef = 6B72BCF51E7F983700C039AD /* AppDelegate.swift */; };
		6B72BCF81E7F983700C039AD /* ViewController.swift in Sources */ = {isa = PBXBuildFile; fileRef = 6B72BCF71E7F983700C039AD /* ViewController.swift */; };
		6B72BCFB1E7F983700C039AD /* Main.storyboard in Resources */ = {isa = PBXBuildFile; fileRef = 6B72BCF91E7F983700C039AD /* Main.storyboard */; };
		6B72BCFD1E7F983700C039AD /* Assets.xcassets in Resources */ = {isa = PBXBuildFile; fileRef = 6B72BCFC1E7F983700C039AD /* Assets.xcassets */; };
		6B72BD001E7F983700C039AD /* LaunchScreen.storyboard in Resources */ = {isa = PBXBuildFile; fileRef = 6B72BCFE1E7F983700C039AD /* LaunchScreen.storyboard */; };
		6B72BD0B1E7F983700C039AD /* _3_____Tests.swift in Sources */ = {isa = PBXBuildFile; fileRef = 6B72BD0A1E7F983700C039AD /* _3_____Tests.swift */; };
		6B72BD161E7F983700C039AD /* _3_____UITests.swift in Sources */ = {isa = PBXBuildFile; fileRef = 6B72BD151E7F983700C039AD /* _3_____UITests.swift */; };
/* End PBXBuildFile section */

/* Begin PBXContainerItemProxy section */
		6B72BD071E7F983700C039AD /* PBXContainerItemProxy */ = {
			isa = PBXContainerItemProxy;
			containerPortal = 6B72BCEA1E7F983700C039AD /* Project object */;
			proxyType = 1;
			remoteGlobalIDString = 6B72BCF11E7F983700C039AD;
			remoteInfo = "03-访问权限";
		};
		6B72BD121E7F983700C039AD /* PBXContainerItemProxy */ = {
			isa = PBXContainerItemProxy;
			containerPortal = 6B72BCEA1E7F983700C039AD /* Project object */;
			proxyType = 1;
			remoteGlobalIDString = 6B72BCF11E7F983700C039AD;
			remoteInfo = "03-访问权限";
		};
/* End PBXContainerItemProxy section */

/* Begin PBXFileReference section */
		6B72BCF21E7F983700C039AD /* 03-访问权限.app */ = {isa = PBXFileReference; explicitFileType = wrapper.application; includeInIndex = 0; path = "03-访问权限.app"; sourceTree = BUILT_PRODUCTS_DIR; };
		6B72BCF51E7F983700C039AD /* AppDelegate.swift */ = {isa = PBXFileReference; lastKnownFileType = sourcecode.swift; path = AppDelegate.swift; sourceTree = "<group>"; };
		6B72BCF71E7F983700C039AD /* ViewController.swift */ = {isa = PBXFileReference; lastKnownFileType = sourcecode.swift; path = ViewController.swift; sourceTree = "<group>"; };
		6B72BCFA1E7F983700C039AD /* Base */ = {isa = PBXFileReference; lastKnownFileType = file.storyboard; name = Base; path = Base.lproj/Main.storyboard; sourceTree = "<group>"; };
		6B72BCFC1E7F983700C039AD /* Assets.xcassets */ = {isa = PBXFileReference; lastKnownFileType = folder.assetcatalog; path = Assets.xcassets; sourceTree = "<group>"; };
		6B72BCFF1E7F983700C039AD /* Base */ = {isa = PBXFileReference; lastKnownFileType = file.storyboard; name = Base; path = Base.lproj/LaunchScreen.storyboard; sourceTree = "<group>"; };
		6B72BD011E7F983700C039AD /* Info.plist */ = {isa = PBXFileReference; lastKnownFileType = text.plist.xml; path = Info.plist; sourceTree = "<group>"; };
		6B72BD061E7F983700C039AD /* 03-访问权限Tests.xctest */ = {isa = PBXFileReference; explicitFileType = wrapper.cfbundle; includeInIndex = 0; path = "03-访问权限Tests.xctest"; sourceTree = BUILT_PRODUCTS_DIR; };
		6B72BD0A1E7F983700C039AD /* _3_____Tests.swift */ = {isa = PBXFileReference; lastKnownFileType = sourcecode.swift; path = "_3_____Tests.swift"; sourceTree = "<group>"; };
		6B72BD0C1E7F983700C039AD /* Info.plist */ = {isa = PBXFileReference; lastKnownFileType = text.plist.xml; path = Info.plist; sourceTree = "<group>"; };
		6B72BD111E7F983700C039AD /* 03-访问权限UITests.xctest */ = {isa = PBXFileReference; explicitFileType = wrapper.cfbundle; includeInIndex = 0; path = "03-访问权限UITests.xctest"; sourceTree = BUILT_PRODUCTS_DIR; };
		6B72BD151E7F983700C039AD /* _3_____UITests.swift */ = {isa = PBXFileReference; lastKnownFileType = sourcecode.swift; path = "_3_____UITests.swift"; sourceTree = "<group>"; };
		6B72BD171E7F983700C039AD /* Info.plist */ = {isa = PBXFileReference; lastKnownFileType = text.plist.xml; path = Info.plist; sourceTree = "<group>"; };
/* End PBXFileReference section */

/* Begin PBXFrameworksBuildPhase section */
		6B72BCEF1E7F983700C039AD /* Frameworks */ = {
			isa = PBXFrameworksBuildPhase;
			buildActionMask = 2147483647;
			files = (
			);
			runOnlyForDeploymentPostprocessing = 0;
		};
		6B72BD031E7F983700C039AD /* Frameworks */ = {
			isa = PBXFrameworksBuildPhase;
			buildActionMask = 2147483647;
			files = (
			);
			runOnlyForDeploymentPostprocessing = 0;
		};
		6B72BD0E1E7F983700C039AD /* Frameworks */ = {
			isa = PBXFrameworksBuildPhase;
			buildActionMask = 2147483647;
			files = (
			);
			runOnlyForDeploymentPostprocessing = 0;
		};
/* End PBXFrameworksBuildPhase section */

/* Begin PBXGroup section */
		6B72BCE91E7F983700C039AD = {
			isa = PBXGroup;
			children = (
				6B72BCF41E7F983700C039AD /* 03-访问权限 */,
				6B72BD091E7F983700C039AD /* 03-访问权限Tests */,
				6B72BD141E7F983700C039AD /* 03-访问权限UITests */,
				6B72BCF31E7F983700C039AD /* Products */,
			);
			sourceTree = "<group>";
		};
		6B72BCF31E7F983700C039AD /* Products */ = {
			isa = PBXGroup;
			children = (
				6B72BCF21E7F983700C039AD /* 03-访问权限.app */,
				6B72BD061E7F983700C039AD /* 03-访问权限Tests.xctest */,
				6B72BD111E7F983700C039AD /* 03-访问权限UITests.xctest */,
			);
			name = Products;
			sourceTree = "<group>";
		};
		6B72BCF41E7F983700C039AD /* 03-访问权限 */ = {
			isa = PBXGroup;
			children = (
				6B72BCF51E7F983700C039AD /* AppDelegate.swift */,
				6B72BCF71E7F983700C039AD /* ViewController.swift */,
				6B72BCF91E7F983700C039AD /* Main.storyboard */,
				6B72BCFC1E7F983700C039AD /* Assets.xcassets */,
				6B72BCFE1E7F983700C039AD /* LaunchScreen.storyboard */,
				6B72BD011E7F983700C039AD /* Info.plist */,
			);
			path = "03-访问权限";
			sourceTree = "<group>";
		};
		6B72BD091E7F983700C039AD /* 03-访问权限Tests */ = {
			isa = PBXGroup;
			children = (
				6B72BD0A1E7F983700C039AD /* _3_____Tests.swift */,
				6B72BD0C1E7F983700C039AD /* Info.plist */,
			);
			path = "03-访问权限Tests";
			sourceTree = "<group>";
		};
		6B72BD141E7F983700C039AD /* 03-访问权限UITests */ = {
			isa = PBXGroup;
			children = (
				6B72BD151E7F983700C039AD /* _3_____UITests.swift */,
				6B72BD171E7F983700C039AD /* Info.plist */,
			);
			path = "03-访问权限UITests";
			sourceTree = "<group>";
		};
/* End PBXGroup section */

/* Begin PBXNativeTarget section */
		6B72BCF11E7F983700C039AD /* 03-访问权限 */ = {
			isa = PBXNativeTarget;
			buildConfigurationList = 6B72BD1A1E7F983700C039AD /* Build configuration list for PBXNativeTarget "03-访问权限" */;
			buildPhases = (
				6B72BCEE1E7F983700C039AD /* Sources */,
				6B72BCEF1E7F983700C039AD /* Frameworks */,
				6B72BCF01E7F983700C039AD /* Resources */,
			);
			buildRules = (
			);
			dependencies = (
			);
			name = "03-访问权限";
			productName = "03-访问权限";
			productReference = 6B72BCF21E7F983700C039AD /* 03-访问权限.app */;
			productType = "com.apple.product-type.application";
		};
		6B72BD051E7F983700C039AD /* 03-访问权限Tests */ = {
			isa = PBXNativeTarget;
			buildConfigurationList = 6B72BD1D1E7F983700C039AD /* Build configuration list for PBXNativeTarget "03-访问权限Tests" */;
			buildPhases = (
				6B72BD021E7F983700C039AD /* Sources */,
				6B72BD031E7F983700C039AD /* Frameworks */,
				6B72BD041E7F983700C039AD /* Resources */,
			);
			buildRules = (
			);
			dependencies = (
				6B72BD081E7F983700C039AD /* PBXTargetDependency */,
			);
			name = "03-访问权限Tests";
			productName = "03-访问权限Tests";
			productReference = 6B72BD061E7F983700C039AD /* 03-访问权限Tests.xctest */;
			productType = "com.apple.product-type.bundle.unit-test";
		};
		6B72BD101E7F983700C039AD /* 03-访问权限UITests */ = {
			isa = PBXNativeTarget;
			buildConfigurationList = 6B72BD201E7F983700C039AD /* Build configuration list for PBXNativeTarget "03-访问权限UITests" */;
			buildPhases = (
				6B72BD0D1E7F983700C039AD /* Sources */,
				6B72BD0E1E7F983700C039AD /* Frameworks */,
				6B72BD0F1E7F983700C039AD /* Resources */,
			);
			buildRules = (
			);
			dependencies = (
				6B72BD131E7F983700C039AD /* PBXTargetDependency */,
			);
			name = "03-访问权限UITests";
			productName = "03-访问权限UITests";
			productReference = 6B72BD111E7F983700C039AD /* 03-访问权限UITests.xctest */;
			productType = "com.apple.product-type.bundle.ui-testing";
		};
/* End PBXNativeTarget section */

/* Begin PBXProject section */
		6B72BCEA1E7F983700C039AD /* Project object */ = {
			isa = PBXProject;
			attributes = {
				LastSwiftUpdateCheck = 0820;
				LastUpgradeCheck = 0820;
				ORGANIZATIONNAME = "黄畅";
				TargetAttributes = {
					6B72BCF11E7F983700C039AD = {
						CreatedOnToolsVersion = 8.2.1;
						DevelopmentTeam = JCQZ5ZPXXV;
						ProvisioningStyle = Automatic;
					};
					6B72BD051E7F983700C039AD = {
						CreatedOnToolsVersion = 8.2.1;
						DevelopmentTeam = JCQZ5ZPXXV;
						ProvisioningStyle = Automatic;
						TestTargetID = 6B72BCF11E7F983700C039AD;
					};
					6B72BD101E7F983700C039AD = {
						CreatedOnToolsVersion = 8.2.1;
						DevelopmentTeam = JCQZ5ZPXXV;
						ProvisioningStyle = Automatic;
						TestTargetID = 6B72BCF11E7F983700C039AD;
					};
				};
			};
			buildConfigurationList = 6B72BCED1E7F983700C039AD /* Build configuration list for PBXProject "03-访问权限" */;
			compatibilityVersion = "Xcode 3.2";
			developmentRegion = English;
			hasScannedForEncodings = 0;
			knownRegions = (
				en,
				Base,
			);
			mainGroup = 6B72BCE91E7F983700C039AD;
			productRefGroup = 6B72BCF31E7F983700C039AD /* Products */;
			projectDirPath = "";
			projectRoot = "";
			targets = (
				6B72BCF11E7F983700C039AD /* 03-访问权限 */,
				6B72BD051E7F983700C039AD /* 03-访问权限Tests */,
				6B72BD101E7F983700C039AD /* 03-访问权限UITests */,
			);
		};
/* End PBXProject section */

/* Begin PBXResourcesBuildPhase section */
		6B72BCF01E7F983700C039AD /* Resources */ = {
			isa = PBXResourcesBuildPhase;
			buildActionMask = 2147483647;
			files = (
				6B72BD001E7F983700C039AD /* LaunchScreen.storyboard in Resources */,
				6B72BCFD1E7F983700C039AD /* Assets.xcassets in Resources */,
				6B72BCFB1E7F983700C039AD /* Main.storyboard in Resources */,
			);
			runOnlyForDeploymentPostprocessing = 0;
		};
		6B72BD041E7F983700C039AD /* Resources */ = {
			isa = PBXResourcesBuildPhase;
			buildActionMask = 2147483647;
			files = (
			);
			runOnlyForDeploymentPostprocessing = 0;
		};
		6B72BD0F1E7F983700C039AD /* Resources */ = {
			isa = PBXResourcesBuildPhase;
			buildActionMask = 2147483647;
			files = (
			);
			runOnlyForDeploymentPostprocessing = 0;
		};
/* End PBXResourcesBuildPhase section */

/* Begin PBXSourcesBuildPhase section */
		6B72BCEE1E7F983700C039AD /* Sources */ = {
			isa = PBXSourcesBuildPhase;
			buildActionMask = 2147483647;
			files = (
				6B72BCF81E7F983700C039AD /* ViewController.swift in Sources */,
				6B72BCF61E7F983700C039AD /* AppDelegate.swift in Sources */,
			);
			runOnlyForDeploymentPostprocessing = 0;
		};
		6B72BD021E7F983700C039AD /* Sources */ = {
			isa = PBXSourcesBuildPhase;
			buildActionMask = 2147483647;
			files = (
				6B72BD0B1E7F983700C039AD /* _3_____Tests.swift in Sources */,
			);
			runOnlyForDeploymentPostprocessing = 0;
		};
		6B72BD0D1E7F983700C039AD /* Sources */ = {
			isa = PBXSourcesBuildPhase;
			buildActionMask = 2147483647;
			files = (
				6B72BD161E7F983700C039AD /* _3_____UITests.swift in Sources */,
			);
			runOnlyForDeploymentPostprocessing = 0;
		};
/* End PBXSourcesBuildPhase section */

/* Begin PBXTargetDependency section */
		6B72BD081E7F983700C039AD /* PBXTargetDependency */ = {
			isa = PBXTargetDependency;
			target = 6B72BCF11E7F983700C039AD /* 03-访问权限 */;
			targetProxy = 6B72BD071E7F983700C039AD /* PBXContainerItemProxy */;
		};
		6B72BD131E7F983700C039AD /* PBXTargetDependency */ = {
			isa = PBXTargetDependency;
			target = 6B72BCF11E7F983700C039AD /* 03-访问权限 */;
			targetProxy = 6B72BD121E7F983700C039AD /* PBXContainerItemProxy */;
		};
/* End PBXTargetDependency section */

/* Begin PBXVariantGroup section */
		6B72BCF91E7F983700C039AD /* Main.storyboard */ = {
			isa = PBXVariantGroup;
			children = (
				6B72BCFA1E7F983700C039AD /* Base */,
			);
			name = Main.storyboard;
			sourceTree = "<group>";
		};
		6B72BCFE1E7F983700C039AD /* LaunchScreen.storyboard */ = {
			isa = PBXVariantGroup;
			children = (
				6B72BCFF1E7F983700C039AD /* Base */,
			);
			name = LaunchScreen.storyboard;
			sourceTree = "<group>";
		};
/* End PBXVariantGroup section */

/* Begin XCBuildConfiguration section */
		6B72BD181E7F983700C039AD /* Debug */ = {
			isa = XCBuildConfiguration;
			buildSettings = {
				ALWAYS_SEARCH_USER_PATHS = NO;
				CLANG_ANALYZER_NONNULL = YES;
				CLANG_CXX_LANGUAGE_STANDARD = "gnu++0x";
				CLANG_CXX_LIBRARY = "libc++";
				CLANG_ENABLE_MODULES = YES;
				CLANG_ENABLE_OBJC_ARC = YES;
				CLANG_WARN_BOOL_CONVERSION = YES;
				CLANG_WARN_CONSTANT_CONVERSION = YES;
				CLANG_WARN_DIRECT_OBJC_ISA_USAGE = YES_ERROR;
				CLANG_WARN_DOCUMENTATION_COMMENTS = YES;
				CLANG_WARN_EMPTY_BODY = YES;
				CLANG_WARN_ENUM_CONVERSION = YES;
				CLANG_WARN_INFINITE_RECURSION = YES;
				CLANG_WARN_INT_CONVERSION = YES;
				CLANG_WARN_OBJC_ROOT_CLASS = YES_ERROR;
				CLANG_WARN_SUSPICIOUS_MOVE = YES;
				CLANG_WARN_UNREACHABLE_CODE = YES;
				CLANG_WARN__DUPLICATE_METHOD_MATCH = YES;
				"CODE_SIGN_IDENTITY[sdk=iphoneos*]" = "iPhone Developer";
				COPY_PHASE_STRIP = NO;
				DEBUG_INFORMATION_FORMAT = dwarf;
				ENABLE_STRICT_OBJC_MSGSEND = YES;
				ENABLE_TESTABILITY = YES;
				GCC_C_LANGUAGE_STANDARD = gnu99;
				GCC_DYNAMIC_NO_PIC = NO;
				GCC_NO_COMMON_BLOCKS = YES;
				GCC_OPTIMIZATION_LEVEL = 0;
				GCC_PREPROCESSOR_DEFINITIONS = (
					"DEBUG=1",
					"$(inherited)",
				);
				GCC_WARN_64_TO_32_BIT_CONVERSION = YES;
				GCC_WARN_ABOUT_RETURN_TYPE = YES_ERROR;
				GCC_WARN_UNDECLARED_SELECTOR = YES;
				GCC_WARN_UNINITIALIZED_AUTOS = YES_AGGRESSIVE;
				GCC_WARN_UNUSED_FUNCTION = YES;
				GCC_WARN_UNUSED_VARIABLE = YES;
				IPHONEOS_DEPLOYMENT_TARGET = 10.2;
				MTL_ENABLE_DEBUG_INFO = YES;
				ONLY_ACTIVE_ARCH = YES;
				SDKROOT = iphoneos;
				SWIFT_ACTIVE_COMPILATION_CONDITIONS = DEBUG;
				SWIFT_OPTIMIZATION_LEVEL = "-Onone";
			};
			name = Debug;
		};
		6B72BD191E7F983700C039AD /* Release */ = {
			isa = XCBuildConfiguration;
			buildSettings = {
				ALWAYS_SEARCH_USER_PATHS = NO;
				CLANG_ANALYZER_NONNULL = YES;
				CLANG_CXX_LANGUAGE_STANDARD = "gnu++0x";
				CLANG_CXX_LIBRARY = "libc++";
				CLANG_ENABLE_MODULES = YES;
				CLANG_ENABLE_OBJC_ARC = YES;
				CLANG_WARN_BOOL_CONVERSION = YES;
				CLANG_WARN_CONSTANT_CONVERSION = YES;
				CLANG_WARN_DIRECT_OBJC_ISA_USAGE = YES_ERROR;
				CLANG_WARN_DOCUMENTATION_COMMENTS = YES;
				CLANG_WARN_EMPTY_BODY = YES;
				CLANG_WARN_ENUM_CONVERSION = YES;
				CLANG_WARN_INFINITE_RECURSION = YES;
				CLANG_WARN_INT_CONVERSION = YES;
				CLANG_WARN_OBJC_ROOT_CLASS = YES_ERROR;
				CLANG_WARN_SUSPICIOUS_MOVE = YES;
				CLANG_WARN_UNREACHABLE_CODE = YES;
				CLANG_WARN__DUPLICATE_METHOD_MATCH = YES;
				"CODE_SIGN_IDENTITY[sdk=iphoneos*]" = "iPhone Developer";
				COPY_PHASE_STRIP = NO;
				DEBUG_INFORMATION_FORMAT = "dwarf-with-dsym";
				ENABLE_NS_ASSERTIONS = NO;
				ENABLE_STRICT_OBJC_MSGSEND = YES;
				GCC_C_LANGUAGE_STANDARD = gnu99;
				GCC_NO_COMMON_BLOCKS = YES;
				GCC_WARN_64_TO_32_BIT_CONVERSION = YES;
				GCC_WARN_ABOUT_RETURN_TYPE = YES_ERROR;
				GCC_WARN_UNDECLARED_SELECTOR = YES;
				GCC_WARN_UNINITIALIZED_AUTOS = YES_AGGRESSIVE;
				GCC_WARN_UNUSED_FUNCTION = YES;
				GCC_WARN_UNUSED_VARIABLE = YES;
				IPHONEOS_DEPLOYMENT_TARGET = 10.2;
				MTL_ENABLE_DEBUG_INFO = NO;
				SDKROOT = iphoneos;
				SWIFT_OPTIMIZATION_LEVEL = "-Owholemodule";
				VALIDATE_PRODUCT = YES;
			};
			name = Release;
		};
		6B72BD1B1E7F983700C039AD /* Debug */ = {
			isa = XCBuildConfiguration;
			buildSettings = {
				ASSETCATALOG_COMPILER_APPICON_NAME = AppIcon;
				DEVELOPMENT_TEAM = JCQZ5ZPXXV;
				INFOPLIST_FILE = "03-访问权限/Info.plist";
				LD_RUNPATH_SEARCH_PATHS = "$(inherited) @executable_path/Frameworks";
				PRODUCT_BUNDLE_IDENTIFIER = "www.hc.com.Test.-3-----";
				PRODUCT_NAME = "$(TARGET_NAME)";
				SWIFT_VERSION = 3.0;
			};
			name = Debug;
		};
		6B72BD1C1E7F983700C039AD /* Release */ = {
			isa = XCBuildConfiguration;
			buildSettings = {
				ASSETCATALOG_COMPILER_APPICON_NAME = AppIcon;
				DEVELOPMENT_TEAM = JCQZ5ZPXXV;
				INFOPLIST_FILE = "03-访问权限/Info.plist";
				LD_RUNPATH_SEARCH_PATHS = "$(inherited) @executable_path/Frameworks";
				PRODUCT_BUNDLE_IDENTIFIER = "www.hc.com.Test.-3-----";
				PRODUCT_NAME = "$(TARGET_NAME)";
				SWIFT_VERSION = 3.0;
			};
			name = Release;
		};
		6B72BD1E1E7F983700C039AD /* Debug */ = {
			isa = XCBuildConfiguration;
			buildSettings = {
				ALWAYS_EMBED_SWIFT_STANDARD_LIBRARIES = YES;
				BUNDLE_LOADER = "$(TEST_HOST)";
				DEVELOPMENT_TEAM = JCQZ5ZPXXV;
				INFOPLIST_FILE = "03-访问权限Tests/Info.plist";
				LD_RUNPATH_SEARCH_PATHS = "$(inherited) @executable_path/Frameworks @loader_path/Frameworks";
				PRODUCT_BUNDLE_IDENTIFIER = "www.hc.com.Test.-3-----Tests";
				PRODUCT_NAME = "$(TARGET_NAME)";
				SWIFT_VERSION = 3.0;
				TEST_HOST = "$(BUILT_PRODUCTS_DIR)/03-访问权限.app/03-访问权限";
			};
			name = Debug;
		};
		6B72BD1F1E7F983700C039AD /* Release */ = {
			isa = XCBuildConfiguration;
			buildSettings = {
				ALWAYS_EMBED_SWIFT_STANDARD_LIBRARIES = YES;
				BUNDLE_LOADER = "$(TEST_HOST)";
				DEVELOPMENT_TEAM = JCQZ5ZPXXV;
				INFOPLIST_FILE = "03-访问权限Tests/Info.plist";
				LD_RUNPATH_SEARCH_PATHS = "$(inherited) @executable_path/Frameworks @loader_path/Frameworks";
				PRODUCT_BUNDLE_IDENTIFIER = "www.hc.com.Test.-3-----Tests";
				PRODUCT_NAME = "$(TARGET_NAME)";
				SWIFT_VERSION = 3.0;
				TEST_HOST = "$(BUILT_PRODUCTS_DIR)/03-访问权限.app/03-访问权限";
			};
			name = Release;
		};
		6B72BD211E7F983700C039AD /* Debug */ = {
			isa = XCBuildConfiguration;
			buildSettings = {
				ALWAYS_EMBED_SWIFT_STANDARD_LIBRARIES = YES;
				DEVELOPMENT_TEAM = JCQZ5ZPXXV;
				INFOPLIST_FILE = "03-访问权限UITests/Info.plist";
				LD_RUNPATH_SEARCH_PATHS = "$(inherited) @executable_path/Frameworks @loader_path/Frameworks";
				PRODUCT_BUNDLE_IDENTIFIER = "www.hc.com.Test.-3-----UITests";
				PRODUCT_NAME = "$(TARGET_NAME)";
				SWIFT_VERSION = 3.0;
				TEST_TARGET_NAME = "03-访问权限";
			};
			name = Debug;
		};
		6B72BD221E7F983700C039AD /* Release */ = {
			isa = XCBuildConfiguration;
			buildSettings = {
				ALWAYS_EMBED_SWIFT_STANDARD_LIBRARIES = YES;
				DEVELOPMENT_TEAM = JCQZ5ZPXXV;
				INFOPLIST_FILE = "03-访问权限UITests/Info.plist";
				LD_RUNPATH_SEARCH_PATHS = "$(inherited) @executable_path/Frameworks @loader_path/Frameworks";
				PRODUCT_BUNDLE_IDENTIFIER = "www.hc.com.Test.-3-----UITests";
				PRODUCT_NAME = "$(TARGET_NAME)";
				SWIFT_VERSION = 3.0;
				TEST_TARGET_NAME = "03-访问权限";
			};
			name = Release;
		};
/* End XCBuildConfiguration section */

/* Begin XCConfigurationList section */
		6B72BCED1E7F983700C039AD /* Build configuration list for PBXProject "03-访问权限" */ = {
			isa = XCConfigurationList;
			buildConfigurations = (
				6B72BD181E7F983700C039AD /* Debug */,
				6B72BD191E7F983700C039AD /* Release */,
			);
			defaultConfigurationIsVisible = 0;
			defaultConfigurationName = Release;
		};
		6B72BD1A1E7F983700C039AD /* Build configuration list for PBXNativeTarget "03-访问权限" */ = {
			isa = XCConfigurationList;
			buildConfigurations = (
				6B72BD1B1E7F983700C039AD /* Debug */,
				6B72BD1C1E7F983700C039AD /* Release */,
			);
			defaultConfigurationIsVisible = 0;
		};
		6B72BD1D1E7F983700C039AD /* Build configuration list for PBXNativeTarget "03-访问权限Tests" */ = {
			isa = XCConfigurationList;
			buildConfigurations = (
				6B72BD1E1E7F983700C039AD /* Debug */,
				6B72BD1F1E7F983700C039AD /* Release */,
			);
			defaultConfigurationIsVisible = 0;
		};
		6B72BD201E7F983700C039AD /* Build configuration list for PBXNativeTarget "03-访问权限UITests" */ = {
			isa = XCConfigurationList;
			buildConfigurations = (
				6B72BD211E7F983700C039AD /* Debug */,
				6B72BD221E7F983700C039AD /* Release */,
			);
			defaultConfigurationIsVisible = 0;
		};
/* End XCConfigurationList section */
	};
	rootObject = 6B72BCEA1E7F983700C039AD /* Project object */;
}
