// !$*UTF8*$!
{
	archiveVersion = 1;
	classes = {
	};
	objectVersion = 46;
	objects = {

/* Begin PBXBuildFile section */
		4AC67F571C560AF300D7A81A /* Main.storyboard in Resources */ = {isa = PBXBuildFile; fileRef = 4AC67F551C560AF300D7A81A /* Main.storyboard */; };
		4AC67F591C560AF300D7A81A /* Assets.xcassets in Resources */ = {isa = PBXBuildFile; fileRef = 4AC67F581C560AF300D7A81A /* Assets.xcassets */; };
		4AC67F5C1C560AF300D7A81A /* LaunchScreen.storyboard in Resources */ = {isa = PBXBuildFile; fileRef = 4AC67F5A1C560AF300D7A81A /* LaunchScreen.storyboard */; };
		4AC67F671C560AF300D7A81A /* _1_04Tests.swift in Sources */ = {isa = PBXBuildFile; fileRef = 4AC67F661C560AF300D7A81A /* _1_04Tests.swift */; };
		4AC67F721C560AF300D7A81A /* _1_04UITests.swift in Sources */ = {isa = PBXBuildFile; fileRef = 4AC67F711C560AF300D7A81A /* _1_04UITests.swift */; };
		4AC67F811C560B0200D7A81A /* main.swift in Sources */ = {isa = PBXBuildFile; fileRef = 4AC67F801C560B0200D7A81A /* main.swift */; };
/* End PBXBuildFile section */

/* Begin PBXContainerItemProxy section */
		4AC67F631C560AF300D7A81A /* PBXContainerItemProxy */ = {
			isa = PBXContainerItemProxy;
			containerPortal = 4AC67F461C560AF300D7A81A /* Project object */;
			proxyType = 1;
			remoteGlobalIDString = 4AC67F4D1C560AF300D7A81A;
			remoteInfo = "01-04";
		};
		4AC67F6E1C560AF300D7A81A /* PBXContainerItemProxy */ = {
			isa = PBXContainerItemProxy;
			containerPortal = 4AC67F461C560AF300D7A81A /* Project object */;
			proxyType = 1;
			remoteGlobalIDString = 4AC67F4D1C560AF300D7A81A;
			remoteInfo = "01-04";
		};
/* End PBXContainerItemProxy section */

/* Begin PBXFileReference section */
		4AC67F4E1C560AF300D7A81A /* 01-04.app */ = {isa = PBXFileReference; explicitFileType = wrapper.application; includeInIndex = 0; path = "01-04.app"; sourceTree = BUILT_PRODUCTS_DIR; };
		4AC67F561C560AF300D7A81A /* Base */ = {isa = PBXFileReference; lastKnownFileType = file.storyboard; name = Base; path = Base.lproj/Main.storyboard; sourceTree = "<group>"; };
		4AC67F581C560AF300D7A81A /* Assets.xcassets */ = {isa = PBXFileReference; lastKnownFileType = folder.assetcatalog; path = Assets.xcassets; sourceTree = "<group>"; };
		4AC67F5B1C560AF300D7A81A /* Base */ = {isa = PBXFileReference; lastKnownFileType = file.storyboard; name = Base; path = Base.lproj/LaunchScreen.storyboard; sourceTree = "<group>"; };
		4AC67F5D1C560AF300D7A81A /* Info.plist */ = {isa = PBXFileReference; lastKnownFileType = text.plist.xml; path = Info.plist; sourceTree = "<group>"; };
		4AC67F621C560AF300D7A81A /* 01-04Tests.xctest */ = {isa = PBXFileReference; explicitFileType = wrapper.cfbundle; includeInIndex = 0; path = "01-04Tests.xctest"; sourceTree = BUILT_PRODUCTS_DIR; };
		4AC67F661C560AF300D7A81A /* _1_04Tests.swift */ = {isa = PBXFileReference; lastKnownFileType = sourcecode.swift; path = _1_04Tests.swift; sourceTree = "<group>"; };
		4AC67F681C560AF300D7A81A /* Info.plist */ = {isa = PBXFileReference; lastKnownFileType = text.plist.xml; path = Info.plist; sourceTree = "<group>"; };
		4AC67F6D1C560AF300D7A81A /* 01-04UITests.xctest */ = {isa = PBXFileReference; explicitFileType = wrapper.cfbundle; includeInIndex = 0; path = "01-04UITests.xctest"; sourceTree = BUILT_PRODUCTS_DIR; };
		4AC67F711C560AF300D7A81A /* _1_04UITests.swift */ = {isa = PBXFileReference; lastKnownFileType = sourcecode.swift; path = _1_04UITests.swift; sourceTree = "<group>"; };
		4AC67F731C560AF300D7A81A /* Info.plist */ = {isa = PBXFileReference; lastKnownFileType = text.plist.xml; path = Info.plist; sourceTree = "<group>"; };
		4AC67F7F1C560B0200D7A81A /* 01-04-Bridging-Header.h */ = {isa = PBXFileReference; lastKnownFileType = sourcecode.c.h; path = "01-04-Bridging-Header.h"; sourceTree = "<group>"; };
		4AC67F801C560B0200D7A81A /* main.swift */ = {isa = PBXFileReference; fileEncoding = 4; lastKnownFileType = sourcecode.swift; path = main.swift; sourceTree = "<group>"; };
/* End PBXFileReference section */

/* Begin PBXFrameworksBuildPhase section */
		4AC67F4B1C560AF300D7A81A /* Frameworks */ = {
			isa = PBXFrameworksBuildPhase;
			buildActionMask = 2147483647;
			files = (
			);
			runOnlyForDeploymentPostprocessing = 0;
		};
		4AC67F5F1C560AF300D7A81A /* Frameworks */ = {
			isa = PBXFrameworksBuildPhase;
			buildActionMask = 2147483647;
			files = (
			);
			runOnlyForDeploymentPostprocessing = 0;
		};
		4AC67F6A1C560AF300D7A81A /* Frameworks */ = {
			isa = PBXFrameworksBuildPhase;
			buildActionMask = 2147483647;
			files = (
			);
			runOnlyForDeploymentPostprocessing = 0;
		};
/* End PBXFrameworksBuildPhase section */

/* Begin PBXGroup section */
		4AC67F451C560AF300D7A81A = {
			isa = PBXGroup;
			children = (
				4AC67F501C560AF300D7A81A /* 01-04 */,
				4AC67F651C560AF300D7A81A /* 01-04Tests */,
				4AC67F701C560AF300D7A81A /* 01-04UITests */,
				4AC67F4F1C560AF300D7A81A /* Products */,
			);
			sourceTree = "<group>";
		};
		4AC67F4F1C560AF300D7A81A /* Products */ = {
			isa = PBXGroup;
			children = (
				4AC67F4E1C560AF300D7A81A /* 01-04.app */,
				4AC67F621C560AF300D7A81A /* 01-04Tests.xctest */,
				4AC67F6D1C560AF300D7A81A /* 01-04UITests.xctest */,
			);
			name = Products;
			sourceTree = "<group>";
		};
		4AC67F501C560AF300D7A81A /* 01-04 */ = {
			isa = PBXGroup;
			children = (
				4AC67F551C560AF300D7A81A /* Main.storyboard */,
				4AC67F801C560B0200D7A81A /* main.swift */,
				4AC67F581C560AF300D7A81A /* Assets.xcassets */,
				4AC67F5A1C560AF300D7A81A /* LaunchScreen.storyboard */,
				4AC67F5D1C560AF300D7A81A /* Info.plist */,
				4AC67F7F1C560B0200D7A81A /* 01-04-Bridging-Header.h */,
			);
			path = "01-04";
			sourceTree = "<group>";
		};
		4AC67F651C560AF300D7A81A /* 01-04Tests */ = {
			isa = PBXGroup;
			children = (
				4AC67F661C560AF300D7A81A /* _1_04Tests.swift */,
				4AC67F681C560AF300D7A81A /* Info.plist */,
			);
			path = "01-04Tests";
			sourceTree = "<group>";
		};
		4AC67F701C560AF300D7A81A /* 01-04UITests */ = {
			isa = PBXGroup;
			children = (
				4AC67F711C560AF300D7A81A /* _1_04UITests.swift */,
				4AC67F731C560AF300D7A81A /* Info.plist */,
			);
			path = "01-04UITests";
			sourceTree = "<group>";
		};
/* End PBXGroup section */

/* Begin PBXNativeTarget section */
		4AC67F4D1C560AF300D7A81A /* 01-04 */ = {
			isa = PBXNativeTarget;
			buildConfigurationList = 4AC67F761C560AF300D7A81A /* Build configuration list for PBXNativeTarget "01-04" */;
			buildPhases = (
				4AC67F4A1C560AF300D7A81A /* Sources */,
				4AC67F4B1C560AF300D7A81A /* Frameworks */,
				4AC67F4C1C560AF300D7A81A /* Resources */,
			);
			buildRules = (
			);
			dependencies = (
			);
			name = "01-04";
			productName = "01-04";
			productReference = 4AC67F4E1C560AF300D7A81A /* 01-04.app */;
			productType = "com.apple.product-type.application";
		};
		4AC67F611C560AF300D7A81A /* 01-04Tests */ = {
			isa = PBXNativeTarget;
			buildConfigurationList = 4AC67F791C560AF300D7A81A /* Build configuration list for PBXNativeTarget "01-04Tests" */;
			buildPhases = (
				4AC67F5E1C560AF300D7A81A /* Sources */,
				4AC67F5F1C560AF300D7A81A /* Frameworks */,
				4AC67F601C560AF300D7A81A /* Resources */,
			);
			buildRules = (
			);
			dependencies = (
				4AC67F641C560AF300D7A81A /* PBXTargetDependency */,
			);
			name = "01-04Tests";
			productName = "01-04Tests";
			productReference = 4AC67F621C560AF300D7A81A /* 01-04Tests.xctest */;
			productType = "com.apple.product-type.bundle.unit-test";
		};
		4AC67F6C1C560AF300D7A81A /* 01-04UITests */ = {
			isa = PBXNativeTarget;
			buildConfigurationList = 4AC67F7C1C560AF300D7A81A /* Build configuration list for PBXNativeTarget "01-04UITests" */;
			buildPhases = (
				4AC67F691C560AF300D7A81A /* Sources */,
				4AC67F6A1C560AF300D7A81A /* Frameworks */,
				4AC67F6B1C560AF300D7A81A /* Resources */,
			);
			buildRules = (
			);
			dependencies = (
				4AC67F6F1C560AF300D7A81A /* PBXTargetDependency */,
			);
			name = "01-04UITests";
			productName = "01-04UITests";
			productReference = 4AC67F6D1C560AF300D7A81A /* 01-04UITests.xctest */;
			productType = "com.apple.product-type.bundle.ui-testing";
		};
/* End PBXNativeTarget section */

/* Begin PBXProject section */
		4AC67F461C560AF300D7A81A /* Project object */ = {
			isa = PBXProject;
			attributes = {
				LastSwiftUpdateCheck = 0720;
				LastUpgradeCheck = 0720;
				ORGANIZATIONNAME = Huangchang;
				TargetAttributes = {
					4AC67F4D1C560AF300D7A81A = {
						CreatedOnToolsVersion = 7.2;
					};
					4AC67F611C560AF300D7A81A = {
						CreatedOnToolsVersion = 7.2;
						TestTargetID = 4AC67F4D1C560AF300D7A81A;
					};
					4AC67F6C1C560AF300D7A81A = {
						CreatedOnToolsVersion = 7.2;
						TestTargetID = 4AC67F4D1C560AF300D7A81A;
					};
				};
			};
			buildConfigurationList = 4AC67F491C560AF300D7A81A /* Build configuration list for PBXProject "01-04" */;
			compatibilityVersion = "Xcode 3.2";
			developmentRegion = English;
			hasScannedForEncodings = 0;
			knownRegions = (
				en,
				Base,
			);
			mainGroup = 4AC67F451C560AF300D7A81A;
			productRefGroup = 4AC67F4F1C560AF300D7A81A /* Products */;
			projectDirPath = "";
			projectRoot = "";
			targets = (
				4AC67F4D1C560AF300D7A81A /* 01-04 */,
				4AC67F611C560AF300D7A81A /* 01-04Tests */,
				4AC67F6C1C560AF300D7A81A /* 01-04UITests */,
			);
		};
/* End PBXProject section */

/* Begin PBXResourcesBuildPhase section */
		4AC67F4C1C560AF300D7A81A /* Resources */ = {
			isa = PBXResourcesBuildPhase;
			buildActionMask = 2147483647;
			files = (
				4AC67F5C1C560AF300D7A81A /* LaunchScreen.storyboard in Resources */,
				4AC67F591C560AF300D7A81A /* Assets.xcassets in Resources */,
				4AC67F571C560AF300D7A81A /* Main.storyboard in Resources */,
			);
			runOnlyForDeploymentPostprocessing = 0;
		};
		4AC67F601C560AF300D7A81A /* Resources */ = {
			isa = PBXResourcesBuildPhase;
			buildActionMask = 2147483647;
			files = (
			);
			runOnlyForDeploymentPostprocessing = 0;
		};
		4AC67F6B1C560AF300D7A81A /* Resources */ = {
			isa = PBXResourcesBuildPhase;
			buildActionMask = 2147483647;
			files = (
			);
			runOnlyForDeploymentPostprocessing = 0;
		};
/* End PBXResourcesBuildPhase section */

/* Begin PBXSourcesBuildPhase section */
		4AC67F4A1C560AF300D7A81A /* Sources */ = {
			isa = PBXSourcesBuildPhase;
			buildActionMask = 2147483647;
			files = (
				4AC67F811C560B0200D7A81A /* main.swift in Sources */,
			);
			runOnlyForDeploymentPostprocessing = 0;
		};
		4AC67F5E1C560AF300D7A81A /* Sources */ = {
			isa = PBXSourcesBuildPhase;
			buildActionMask = 2147483647;
			files = (
				4AC67F671C560AF300D7A81A /* _1_04Tests.swift in Sources */,
			);
			runOnlyForDeploymentPostprocessing = 0;
		};
		4AC67F691C560AF300D7A81A /* Sources */ = {
			isa = PBXSourcesBuildPhase;
			buildActionMask = 2147483647;
			files = (
				4AC67F721C560AF300D7A81A /* _1_04UITests.swift in Sources */,
			);
			runOnlyForDeploymentPostprocessing = 0;
		};
/* End PBXSourcesBuildPhase section */

/* Begin PBXTargetDependency section */
		4AC67F641C560AF300D7A81A /* PBXTargetDependency */ = {
			isa = PBXTargetDependency;
			target = 4AC67F4D1C560AF300D7A81A /* 01-04 */;
			targetProxy = 4AC67F631C560AF300D7A81A /* PBXContainerItemProxy */;
		};
		4AC67F6F1C560AF300D7A81A /* PBXTargetDependency */ = {
			isa = PBXTargetDependency;
			target = 4AC67F4D1C560AF300D7A81A /* 01-04 */;
			targetProxy = 4AC67F6E1C560AF300D7A81A /* PBXContainerItemProxy */;
		};
/* End PBXTargetDependency section */

/* Begin PBXVariantGroup section */
		4AC67F551C560AF300D7A81A /* Main.storyboard */ = {
			isa = PBXVariantGroup;
			children = (
				4AC67F561C560AF300D7A81A /* Base */,
			);
			name = Main.storyboard;
			sourceTree = "<group>";
		};
		4AC67F5A1C560AF300D7A81A /* LaunchScreen.storyboard */ = {
			isa = PBXVariantGroup;
			children = (
				4AC67F5B1C560AF300D7A81A /* Base */,
			);
			name = LaunchScreen.storyboard;
			sourceTree = "<group>";
		};
/* End PBXVariantGroup section */

/* Begin XCBuildConfiguration section */
		4AC67F741C560AF300D7A81A /* Debug */ = {
			isa = XCBuildConfiguration;
			buildSettings = {
				ALWAYS_SEARCH_USER_PATHS = NO;
				CLANG_CXX_LANGUAGE_STANDARD = "gnu++0x";
				CLANG_CXX_LIBRARY = "libc++";
				CLANG_ENABLE_MODULES = YES;
				CLANG_ENABLE_OBJC_ARC = YES;
				CLANG_WARN_BOOL_CONVERSION = YES;
				CLANG_WARN_CONSTANT_CONVERSION = YES;
				CLANG_WARN_DIRECT_OBJC_ISA_USAGE = YES_ERROR;
				CLANG_WARN_EMPTY_BODY = YES;
				CLANG_WARN_ENUM_CONVERSION = YES;
				CLANG_WARN_INT_CONVERSION = YES;
				CLANG_WARN_OBJC_ROOT_CLASS = YES_ERROR;
				CLANG_WARN_UNREACHABLE_CODE = YES;
				CLANG_WARN__DUPLICATE_METHOD_MATCH = YES;
				"CODE_SIGN_IDENTITY[sdk=iphoneos*]" = "iPhone Developer";
				COPY_PHASE_STRIP = NO;
				DEBUG_INFORMATION_FORMAT = dwarf;
				ENABLE_STRICT_OBJC_MSGSEND = YES;
				ENABLE_TESTABILITY = YES;
				GCC_C_LANGUAGE_STANDARD = gnu99;
				GCC_DYNAMIC_NO_PIC = NO;
				GCC_NO_COMMON_BLOCKS = YES;
				GCC_OPTIMIZATION_LEVEL = 0;
				GCC_PREPROCESSOR_DEFINITIONS = (
					"DEBUG=1",
					"$(inherited)",
				);
				GCC_WARN_64_TO_32_BIT_CONVERSION = YES;
				GCC_WARN_ABOUT_RETURN_TYPE = YES_ERROR;
				GCC_WARN_UNDECLARED_SELECTOR = YES;
				GCC_WARN_UNINITIALIZED_AUTOS = YES_AGGRESSIVE;
				GCC_WARN_UNUSED_FUNCTION = YES;
				GCC_WARN_UNUSED_VARIABLE = YES;
				IPHONEOS_DEPLOYMENT_TARGET = 9.2;
				MTL_ENABLE_DEBUG_INFO = YES;
				ONLY_ACTIVE_ARCH = YES;
				SDKROOT = iphoneos;
				SWIFT_OPTIMIZATION_LEVEL = "-Onone";
			};
			name = Debug;
		};
		4AC67F751C560AF300D7A81A /* Release */ = {
			isa = XCBuildConfiguration;
			buildSettings = {
				ALWAYS_SEARCH_USER_PATHS = NO;
				CLANG_CXX_LANGUAGE_STANDARD = "gnu++0x";
				CLANG_CXX_LIBRARY = "libc++";
				CLANG_ENABLE_MODULES = YES;
				CLANG_ENABLE_OBJC_ARC = YES;
				CLANG_WARN_BOOL_CONVERSION = YES;
				CLANG_WARN_CONSTANT_CONVERSION = YES;
				CLANG_WARN_DIRECT_OBJC_ISA_USAGE = YES_ERROR;
				CLANG_WARN_EMPTY_BODY = YES;
				CLANG_WARN_ENUM_CONVERSION = YES;
				CLANG_WARN_INT_CONVERSION = YES;
				CLANG_WARN_OBJC_ROOT_CLASS = YES_ERROR;
				CLANG_WARN_UNREACHABLE_CODE = YES;
				CLANG_WARN__DUPLICATE_METHOD_MATCH = YES;
				"CODE_SIGN_IDENTITY[sdk=iphoneos*]" = "iPhone Developer";
				COPY_PHASE_STRIP = NO;
				DEBUG_INFORMATION_FORMAT = "dwarf-with-dsym";
				ENABLE_NS_ASSERTIONS = NO;
				ENABLE_STRICT_OBJC_MSGSEND = YES;
				GCC_C_LANGUAGE_STANDARD = gnu99;
				GCC_NO_COMMON_BLOCKS = YES;
				GCC_WARN_64_TO_32_BIT_CONVERSION = YES;
				GCC_WARN_ABOUT_RETURN_TYPE = YES_ERROR;
				GCC_WARN_UNDECLARED_SELECTOR = YES;
				GCC_WARN_UNINITIALIZED_AUTOS = YES_AGGRESSIVE;
				GCC_WARN_UNUSED_FUNCTION = YES;
				GCC_WARN_UNUSED_VARIABLE = YES;
				IPHONEOS_DEPLOYMENT_TARGET = 9.2;
				MTL_ENABLE_DEBUG_INFO = NO;
				SDKROOT = iphoneos;
				VALIDATE_PRODUCT = YES;
			};
			name = Release;
		};
		4AC67F771C560AF300D7A81A /* Debug */ = {
			isa = XCBuildConfiguration;
			buildSettings = {
				ASSETCATALOG_COMPILER_APPICON_NAME = AppIcon;
				CLANG_ENABLE_MODULES = YES;
				INFOPLIST_FILE = "01-04/Info.plist";
				LD_RUNPATH_SEARCH_PATHS = "$(inherited) @executable_path/Frameworks";
				PRODUCT_BUNDLE_IDENTIFIER = "HuangChang.-1-04";
				PRODUCT_NAME = "$(TARGET_NAME)";
				SWIFT_OBJC_BRIDGING_HEADER = "01-04/01-04-Bridging-Header.h";
				SWIFT_OPTIMIZATION_LEVEL = "-Onone";
			};
			name = Debug;
		};
		4AC67F781C560AF300D7A81A /* Release */ = {
			isa = XCBuildConfiguration;
			buildSettings = {
				ASSETCATALOG_COMPILER_APPICON_NAME = AppIcon;
				CLANG_ENABLE_MODULES = YES;
				INFOPLIST_FILE = "01-04/Info.plist";
				LD_RUNPATH_SEARCH_PATHS = "$(inherited) @executable_path/Frameworks";
				PRODUCT_BUNDLE_IDENTIFIER = "HuangChang.-1-04";
				PRODUCT_NAME = "$(TARGET_NAME)";
				SWIFT_OBJC_BRIDGING_HEADER = "01-04/01-04-Bridging-Header.h";
			};
			name = Release;
		};
		4AC67F7A1C560AF300D7A81A /* Debug */ = {
			isa = XCBuildConfiguration;
			buildSettings = {
				BUNDLE_LOADER = "$(TEST_HOST)";
				INFOPLIST_FILE = "01-04Tests/Info.plist";
				LD_RUNPATH_SEARCH_PATHS = "$(inherited) @executable_path/Frameworks @loader_path/Frameworks";
				PRODUCT_BUNDLE_IDENTIFIER = "HuangChang.-1-04Tests";
				PRODUCT_NAME = "$(TARGET_NAME)";
				TEST_HOST = "$(BUILT_PRODUCTS_DIR)/01-04.app/01-04";
			};
			name = Debug;
		};
		4AC67F7B1C560AF300D7A81A /* Release */ = {
			isa = XCBuildConfiguration;
			buildSettings = {
				BUNDLE_LOADER = "$(TEST_HOST)";
				INFOPLIST_FILE = "01-04Tests/Info.plist";
				LD_RUNPATH_SEARCH_PATHS = "$(inherited) @executable_path/Frameworks @loader_path/Frameworks";
				PRODUCT_BUNDLE_IDENTIFIER = "HuangChang.-1-04Tests";
				PRODUCT_NAME = "$(TARGET_NAME)";
				TEST_HOST = "$(BUILT_PRODUCTS_DIR)/01-04.app/01-04";
			};
			name = Release;
		};
		4AC67F7D1C560AF300D7A81A /* Debug */ = {
			isa = XCBuildConfiguration;
			buildSettings = {
				INFOPLIST_FILE = "01-04UITests/Info.plist";
				LD_RUNPATH_SEARCH_PATHS = "$(inherited) @executable_path/Frameworks @loader_path/Frameworks";
				PRODUCT_BUNDLE_IDENTIFIER = "HuangChang.-1-04UITests";
				PRODUCT_NAME = "$(TARGET_NAME)";
				TEST_TARGET_NAME = "01-04";
				USES_XCTRUNNER = YES;
			};
			name = Debug;
		};
		4AC67F7E1C560AF300D7A81A /* Release */ = {
			isa = XCBuildConfiguration;
			buildSettings = {
				INFOPLIST_FILE = "01-04UITests/Info.plist";
				LD_RUNPATH_SEARCH_PATHS = "$(inherited) @executable_path/Frameworks @loader_path/Frameworks";
				PRODUCT_BUNDLE_IDENTIFIER = "HuangChang.-1-04UITests";
				PRODUCT_NAME = "$(TARGET_NAME)";
				TEST_TARGET_NAME = "01-04";
				USES_XCTRUNNER = YES;
			};
			name = Release;
		};
/* End XCBuildConfiguration section */

/* Begin XCConfigurationList section */
		4AC67F491C560AF300D7A81A /* Build configuration list for PBXProject "01-04" */ = {
			isa = XCConfigurationList;
			buildConfigurations = (
				4AC67F741C560AF300D7A81A /* Debug */,
				4AC67F751C560AF300D7A81A /* Release */,
			);
			defaultConfigurationIsVisible = 0;
			defaultConfigurationName = Release;
		};
		4AC67F761C560AF300D7A81A /* Build configuration list for PBXNativeTarget "01-04" */ = {
			isa = XCConfigurationList;
			buildConfigurations = (
				4AC67F771C560AF300D7A81A /* Debug */,
				4AC67F781C560AF300D7A81A /* Release */,
			);
			defaultConfigurationIsVisible = 0;
		};
		4AC67F791C560AF300D7A81A /* Build configuration list for PBXNativeTarget "01-04Tests" */ = {
			isa = XCConfigurationList;
			buildConfigurations = (
				4AC67F7A1C560AF300D7A81A /* Debug */,
				4AC67F7B1C560AF300D7A81A /* Release */,
			);
			defaultConfigurationIsVisible = 0;
		};
		4AC67F7C1C560AF300D7A81A /* Build configuration list for PBXNativeTarget "01-04UITests" */ = {
			isa = XCConfigurationList;
			buildConfigurations = (
				4AC67F7D1C560AF300D7A81A /* Debug */,
				4AC67F7E1C560AF300D7A81A /* Release */,
			);
			defaultConfigurationIsVisible = 0;
		};
/* End XCConfigurationList section */
	};
	rootObject = 4AC67F461C560AF300D7A81A /* Project object */;
}
